
Microsoft Visual Studio Solution File, Format Version 12.00
# Visual Studio Version 17
VisualStudioVersion = 17.6.33723.286
MinimumVisualStudioVersion = 10.0.40219.1
Project("{8BC9CEB8-8B4A-11D0-8D11-00A0C91BC942}") = "EX2", "EX2\EX2.vcxproj", "{6655BDAE-0314-4D03-BF2F-142D65E048E2}"
EndProject
Global
	GlobalSection(SolutionConfigurationPlatforms) = preSolution
		Debug|x64 = Debug|x64
		Debug|x86 = Debug|x86
		Release|x64 = Release|x64
		Release|x86 = Release|x86
	EndGlobalSection
	GlobalSection(ProjectConfigurationPlatforms) = postSolution
		{6655BDAE-0314-4D03-BF2F-142D65E048E2}.Debug|x64.ActiveCfg = Debug|x64
		{6655BDAE-0314-4D03-BF2F-142D65E048E2}.Debug|x64.Build.0 = Debug|x64
		{6655BDAE-0314-4D03-BF2F-142D65E048E2}.Debug|x86.ActiveCfg = Debug|Win32
		{6655BDAE-0314-4D03-BF2F-142D65E048E2}.Debug|x86.Build.0 = Debug|Win32
		{6655BDAE-0314-4D03-BF2F-142D65E048E2}.Release|x64.ActiveCfg = Release|x64
		{6655BDAE-0314-4D03-BF2F-142D65E048E2}.Release|x64.Build.0 = Release|x64
		{6655BDAE-0314-4D03-BF2F-142D65E048E2}.Release|x86.ActiveCfg = Release|Win32
		{6655BDAE-0314-4D03-BF2F-142D65E048E2}.Release|x86.Build.0 = Release|Win32
	EndGlobalSection
	GlobalSection(SolutionProperties) = preSolution
		HideSolutionNode = FALSE
	EndGlobalSection
	GlobalSection(ExtensibilityGlobals) = postSolution
		SolutionGuid = {63E60D8F-0545-4683-931A-3FAC2B77EEA4}
	EndGlobalSection
EndGlobal
